github.com/ikawaha/kagome-dict v1.1.6 h1:bpMDkXEbHsgh/gdqNMpASM5EDd/jpRtzm2AFJTGP6C4=
github.com/ikawaha/kagome-dict v1.1.6/go.mod h1:kVQBTitXg2pqmQUMFqGOw60e14zahWKyEyuZW2n7Yus=
github.com/ikawaha/kagome-dict/ipa v1.2.5 h1:uX9D/T7xNpx1nleDU6SSbpaYHgiAhRs9IIEkcWu9XLQ=
github.com/ikawaha/kagome-dict/ipa v1.2.5/go.mod h1:mfrhW/dynf56fNLSD4fyC29wQsEffWJj7trEJjSZz5Q=
github.com/ikawaha/kagome-dict/uni v1.2.5 h1:YlzuB1CG0HkawuX0eRIjDgoazsT89nYd4nXnQyDyIlU=
github.com/ikawaha/kagome-dict/uni v1.2.5/go.mod h1:1UYPVH+GZ5NYiYLfKQG57v3gLbzdxLP5eYZ9sLlaI/M=
